
Microsoft Visual Studio Solution File, Format Version 12.00
# Visual Studio 2012
Project("{FAE04EC0-301F-11D3-BF4B-00C04F79EFBC}") = "test_sounds", "test_sounds\test_sounds.csproj", "{3046067C-10C4-4EA6-860C-6DEC06120A63}"
EndProject
Global
	GlobalSection(SolutionConfigurationPlatforms) = preSolution
		Debug|x86 = Debug|x86
		Release|x86 = Release|x86
	EndGlobalSection
	GlobalSection(ProjectConfigurationPlatforms) = postSolution
		{3046067C-10C4-4EA6-860C-6DEC06120A63}.Debug|x86.ActiveCfg = Debug|Any CPU
		{3046067C-10C4-4EA6-860C-6DEC06120A63}.Debug|x86.Build.0 = Debug|Any CPU
		{3046067C-10C4-4EA6-860C-6DEC06120A63}.Release|x86.ActiveCfg = Release|Any CPU
		{3046067C-10C4-4EA6-860C-6DEC06120A63}.Release|x86.Build.0 = Release|Any CPU
	EndGlobalSection
EndGlobal
